github.com/google/go-cmp v0.6.0 h1:ofyhxvXcZhMsU5ulbFiLKl/XBFqE1GSq7atu8tAmTRI=
github.com/google/go-cmp v0.6.0/go.mod h1:17dUlkBOakJ0+DkrSSNjCkIjxS6bF9zb3elmeNGIjoY=
github.com/lib/pq v1.10.9 h1:YXG7RB+JIjhP29X+OtkiDnYaXQwpS4JEWq7dtCCRUEw=
github.com/lib/pq v1.10.9/go.mod h1:AlVN5x4E4T544tWzH6hKfbfQvm3HdbOxrmggDNAPY9o=
github.com/natefinch/lumberjack/v3 v3.0.0-alpha h1:HZ2AJF20D1lo9S0F/rpgkFbPGam5dgR3X0KUtZA5mlY=
github.com/natefinch/lumberjack/v3 v3.0.0-alpha/go.mod h1:rPTlHhMjhrvPAhqKh0FC57E0pXZoanrXgMDj4yv5wcM=
go.olapie.com/conv v1.3.4 h1:xHU0MAWXKAuj5zTp4bYzkl+Zk6ZT/8uXVogvRnKc50s=
go.olapie.com/conv v1.3.4/go.mod h1:GHfOZtIF97zrrP1VAtnskRHTVwA5qyIjUmZv1/rorNE=
go.olapie.com/logs v0.2.4 h1:U1HSl3VGzX91z9cHGA4CGgLbO3bTEinpmnzBjFqOsHM=
go.olapie.com/logs v0.2.4/go.mod h1:gjT9mMN8H/1uVA6cuikjJ5V7xCodsYgciMl9F9Ldu54=
google.golang.org/protobuf v1.33.0 h1:uNO2rsAINq/JlFpSdYEKIZ0uKD/R9cpdv0T+yoGwGmI=
google.golang.org/protobuf v1.33.0/go.mod h1:c6P6GXX6sHbq/GpV6MGZEdwhWPcYBgnhAHhKbcUYpos=
